
Microsoft Visual Studio Solution File, Format Version 12.00
# Visual Studio Version 17
VisualStudioVersion = 17.0.31903.59
MinimumVisualStudioVersion = 10.0.40219.1
Project("{FAE04EC0-301F-11D3-BF4B-00C04F79EFBC}") = "EasyOcrSharp", "src\EasyOcrSharp\EasyOcrSharp.csproj", "{C57BB664-245F-47BB-8316-6463EB46D815}"
EndProject
Project("{FAE04EC0-301F-11D3-BF4B-00C04F79EFBC}") = "EasyOcrSharp.Gpu", "src\EasyOcrSharp.Gpu\EasyOcrSharp.Gpu.csproj", "{B2C3D4E5-F6A7-4B5C-9D8E-1F2A3B4C5D6E}"
EndProject
Project("{2150E333-8FDC-42A3-9474-1A3956D46DE8}") = "test", "test", "{0C88DD14-F956-CE84-757C-A364CCF449FC}"
EndProject
Project("{FAE04EC0-301F-11D3-BF4B-00C04F79EFBC}") = "EasyOcrSharp.Tests", "test\EasyOcrSharp.Tests\EasyOcrSharp.Tests.csproj", "{10702F38-76A4-4AEE-B84D-D25AB274A83A}"
EndProject
Project("{FAE04EC0-301F-11D3-BF4B-00C04F79EFBC}") = "EasyOcrSharp.Demo", "test\EasyOcrSharp.Demo\EasyOcrSharp.Demo.csproj", "{B3F44FCD-484C-4901-BDBC-1E63898664F4}"
EndProject
Project("{2150E333-8FDC-42A3-9474-1A3956D46DE8}") = "src", "src", "{827E0CD3-B72D-47B6-A68D-7590B98EB39B}"
EndProject
Global
	GlobalSection(SolutionConfigurationPlatforms) = preSolution
		Debug|Any CPU = Debug|Any CPU
		Debug|x64 = Debug|x64
		Debug|x86 = Debug|x86
		Release|Any CPU = Release|Any CPU
		Release|x64 = Release|x64
		Release|x86 = Release|x86
	EndGlobalSection
	GlobalSection(ProjectConfigurationPlatforms) = postSolution
		{C57BB664-245F-47BB-8316-6463EB46D815}.Debug|Any CPU.ActiveCfg = Debug|Any CPU
		{C57BB664-245F-47BB-8316-6463EB46D815}.Debug|Any CPU.Build.0 = Debug|Any CPU
		{C57BB664-245F-47BB-8316-6463EB46D815}.Debug|x64.ActiveCfg = Debug|Any CPU
		{C57BB664-245F-47BB-8316-6463EB46D815}.Debug|x64.Build.0 = Debug|Any CPU
		{C57BB664-245F-47BB-8316-6463EB46D815}.Debug|x86.ActiveCfg = Debug|Any CPU
		{C57BB664-245F-47BB-8316-6463EB46D815}.Debug|x86.Build.0 = Debug|Any CPU
		{C57BB664-245F-47BB-8316-6463EB46D815}.Release|Any CPU.ActiveCfg = Release|Any CPU
		{C57BB664-245F-47BB-8316-6463EB46D815}.Release|Any CPU.Build.0 = Release|Any CPU
		{C57BB664-245F-47BB-8316-6463EB46D815}.Release|x64.ActiveCfg = Release|Any CPU
		{C57BB664-245F-47BB-8316-6463EB46D815}.Release|x64.Build.0 = Release|Any CPU
		{C57BB664-245F-47BB-8316-6463EB46D815}.Release|x86.ActiveCfg = Release|Any CPU
		{C57BB664-245F-47BB-8316-6463EB46D815}.Release|x86.Build.0 = Release|Any CPU
		{B2C3D4E5-F6A7-4B5C-9D8E-1F2A3B4C5D6E}.Debug|Any CPU.ActiveCfg = Debug|Any CPU
		{B2C3D4E5-F6A7-4B5C-9D8E-1F2A3B4C5D6E}.Debug|Any CPU.Build.0 = Debug|Any CPU
		{B2C3D4E5-F6A7-4B5C-9D8E-1F2A3B4C5D6E}.Debug|x64.ActiveCfg = Debug|Any CPU
		{B2C3D4E5-F6A7-4B5C-9D8E-1F2A3B4C5D6E}.Debug|x64.Build.0 = Debug|Any CPU
		{B2C3D4E5-F6A7-4B5C-9D8E-1F2A3B4C5D6E}.Debug|x86.ActiveCfg = Debug|Any CPU
		{B2C3D4E5-F6A7-4B5C-9D8E-1F2A3B4C5D6E}.Debug|x86.Build.0 = Debug|Any CPU
		{B2C3D4E5-F6A7-4B5C-9D8E-1F2A3B4C5D6E}.Release|Any CPU.ActiveCfg = Release|Any CPU
		{B2C3D4E5-F6A7-4B5C-9D8E-1F2A3B4C5D6E}.Release|Any CPU.Build.0 = Release|Any CPU
		{B2C3D4E5-F6A7-4B5C-9D8E-1F2A3B4C5D6E}.Release|x64.ActiveCfg = Release|Any CPU
		{B2C3D4E5-F6A7-4B5C-9D8E-1F2A3B4C5D6E}.Release|x64.Build.0 = Release|Any CPU
		{B2C3D4E5-F6A7-4B5C-9D8E-1F2A3B4C5D6E}.Release|x86.ActiveCfg = Release|Any CPU
		{B2C3D4E5-F6A7-4B5C-9D8E-1F2A3B4C5D6E}.Release|x86.Build.0 = Release|Any CPU
		{10702F38-76A4-4AEE-B84D-D25AB274A83A}.Debug|Any CPU.ActiveCfg = Debug|Any CPU
		{10702F38-76A4-4AEE-B84D-D25AB274A83A}.Debug|Any CPU.Build.0 = Debug|Any CPU
		{10702F38-76A4-4AEE-B84D-D25AB274A83A}.Debug|x64.ActiveCfg = Debug|Any CPU
		{10702F38-76A4-4AEE-B84D-D25AB274A83A}.Debug|x64.Build.0 = Debug|Any CPU
		{10702F38-76A4-4AEE-B84D-D25AB274A83A}.Debug|x86.ActiveCfg = Debug|Any CPU
		{10702F38-76A4-4AEE-B84D-D25AB274A83A}.Debug|x86.Build.0 = Debug|Any CPU
		{10702F38-76A4-4AEE-B84D-D25AB274A83A}.Release|Any CPU.ActiveCfg = Release|Any CPU
		{10702F38-76A4-4AEE-B84D-D25AB274A83A}.Release|Any CPU.Build.0 = Release|Any CPU
		{10702F38-76A4-4AEE-B84D-D25AB274A83A}.Release|x64.ActiveCfg = Release|Any CPU
		{10702F38-76A4-4AEE-B84D-D25AB274A83A}.Release|x64.Build.0 = Release|Any CPU
		{10702F38-76A4-4AEE-B84D-D25AB274A83A}.Release|x86.ActiveCfg = Release|Any CPU
		{10702F38-76A4-4AEE-B84D-D25AB274A83A}.Release|x86.Build.0 = Release|Any CPU
		{B3F44FCD-484C-4901-BDBC-1E63898664F4}.Debug|Any CPU.ActiveCfg = Debug|Any CPU
		{B3F44FCD-484C-4901-BDBC-1E63898664F4}.Debug|Any CPU.Build.0 = Debug|Any CPU
		{B3F44FCD-484C-4901-BDBC-1E63898664F4}.Debug|x64.ActiveCfg = Debug|Any CPU
		{B3F44FCD-484C-4901-BDBC-1E63898664F4}.Debug|x64.Build.0 = Debug|Any CPU
		{B3F44FCD-484C-4901-BDBC-1E63898664F4}.Debug|x86.ActiveCfg = Debug|Any CPU
		{B3F44FCD-484C-4901-BDBC-1E63898664F4}.Debug|x86.Build.0 = Debug|Any CPU
		{B3F44FCD-484C-4901-BDBC-1E63898664F4}.Release|Any CPU.ActiveCfg = Release|Any CPU
		{B3F44FCD-484C-4901-BDBC-1E63898664F4}.Release|Any CPU.Build.0 = Release|Any CPU
		{B3F44FCD-484C-4901-BDBC-1E63898664F4}.Release|x64.ActiveCfg = Release|Any CPU
		{B3F44FCD-484C-4901-BDBC-1E63898664F4}.Release|x64.Build.0 = Release|Any CPU
		{B3F44FCD-484C-4901-BDBC-1E63898664F4}.Release|x86.ActiveCfg = Release|Any CPU
		{B3F44FCD-484C-4901-BDBC-1E63898664F4}.Release|x86.Build.0 = Release|Any CPU
	EndGlobalSection
	GlobalSection(SolutionProperties) = preSolution
		HideSolutionNode = FALSE
	EndGlobalSection
	GlobalSection(NestedProjects) = preSolution
		{10702F38-76A4-4AEE-B84D-D25AB274A83A} = {0C88DD14-F956-CE84-757C-A364CCF449FC}
		{B3F44FCD-484C-4901-BDBC-1E63898664F4} = {0C88DD14-F956-CE84-757C-A364CCF449FC}
	EndGlobalSection
EndGlobal
